
Microsoft Visual Studio Solution File, Format Version 12.00
# Visual Studio Version 17
VisualStudioVersion = 17.0.31903.59
MinimumVisualStudioVersion = 10.0.40219.1
Project("{2150E333-8FDC-42A3-9474-1A3956D46DE8}") = "Services", "Services", "{0F242442-4F9F-42A4-93F7-EE10BD5989F3}"
EndProject
Project("{2150E333-8FDC-42A3-9474-1A3956D46DE8}") = "Catalog", "Catalog", "{7726D5DC-6A64-4D0C-8720-F37A166B577D}"
EndProject
Project("{9A19103F-16F7-4668-BE54-9A1E7A4F7556}") = "Catalog.API", "Services\Catalog\Catalog.API\Catalog.API.csproj", "{91F7C78E-61B7-4A76-97E9-822293057CA5}"
EndProject
Project("{E53339B2-1760-4266-BCC7-CA923CBCF16C}") = "docker-compose", "docker-compose.dcproj", "{94D14617-72A2-45BA-BB8C-78FA0AD675A6}"
EndProject
Project("{2150E333-8FDC-42A3-9474-1A3956D46DE8}") = "Basket", "Basket", "{6CD1F356-F049-48CE-B8AB-D7B1547E4CD1}"
EndProject
Project("{9A19103F-16F7-4668-BE54-9A1E7A4F7556}") = "Basket.API", "Services\Basket\Basket.API\Basket.API.csproj", "{9D823858-BB74-4865-968B-2E099A3FF20E}"
EndProject
Project("{2150E333-8FDC-42A3-9474-1A3956D46DE8}") = "Discount", "Discount", "{E4A64179-FC2F-4B92-B473-C7343D9B9DB0}"
EndProject
Project("{9A19103F-16F7-4668-BE54-9A1E7A4F7556}") = "Discount.API", "Services\Discount\Discount.API\Discount.API.csproj", "{EAADFD13-8BC1-4E73-9CE7-141BDCB7D152}"
EndProject
Project("{9A19103F-16F7-4668-BE54-9A1E7A4F7556}") = "Discount.gRPC", "Services\Discount\Discount.gRPC\Discount.gRPC.csproj", "{9554BE39-8AE0-465D-A577-86F3AF3CBD09}"
EndProject
Project("{2150E333-8FDC-42A3-9474-1A3956D46DE8}") = "Ordering", "Ordering", "{53EEBA3F-740A-4E2B-9C9A-AE91D0B55316}"
EndProject
Project("{FAE04EC0-301F-11D3-BF4B-00C04F79EFBC}") = "Ordering.API", "Services\Ordering\Ordering.API\Ordering.API.csproj", "{C844E1FE-B614-4DFF-AD4E-E6B9FE3D3331}"
EndProject
Project("{FAE04EC0-301F-11D3-BF4B-00C04F79EFBC}") = "Ordering.Domain", "Services\Ordering\Ordering.Domain\Ordering.Domain.csproj", "{06376E99-4401-4915-A3D8-5E674BC6C392}"
EndProject
Project("{FAE04EC0-301F-11D3-BF4B-00C04F79EFBC}") = "Ordering.Application", "Services\Ordering\Ordering.Application\Ordering.Application.csproj", "{3F1322AD-2673-42D0-9F10-98BEC3EE051F}"
EndProject
Project("{FAE04EC0-301F-11D3-BF4B-00C04F79EFBC}") = "Ordering.Infrastructure", "Services\Ordering\Ordering.Infrastructure\Ordering.Infrastructure.csproj", "{F6217B86-2997-4988-8BFC-B91B8A422F76}"
EndProject
Global
	GlobalSection(SolutionConfigurationPlatforms) = preSolution
		Debug|Any CPU = Debug|Any CPU
		Release|Any CPU = Release|Any CPU
	EndGlobalSection
	GlobalSection(ProjectConfigurationPlatforms) = postSolution
		{91F7C78E-61B7-4A76-97E9-822293057CA5}.Debug|Any CPU.ActiveCfg = Debug|Any CPU
		{91F7C78E-61B7-4A76-97E9-822293057CA5}.Debug|Any CPU.Build.0 = Debug|Any CPU
		{91F7C78E-61B7-4A76-97E9-822293057CA5}.Release|Any CPU.ActiveCfg = Release|Any CPU
		{91F7C78E-61B7-4A76-97E9-822293057CA5}.Release|Any CPU.Build.0 = Release|Any CPU
		{94D14617-72A2-45BA-BB8C-78FA0AD675A6}.Debug|Any CPU.ActiveCfg = Debug|Any CPU
		{94D14617-72A2-45BA-BB8C-78FA0AD675A6}.Debug|Any CPU.Build.0 = Debug|Any CPU
		{94D14617-72A2-45BA-BB8C-78FA0AD675A6}.Release|Any CPU.ActiveCfg = Release|Any CPU
		{94D14617-72A2-45BA-BB8C-78FA0AD675A6}.Release|Any CPU.Build.0 = Release|Any CPU
		{9D823858-BB74-4865-968B-2E099A3FF20E}.Debug|Any CPU.ActiveCfg = Debug|Any CPU
		{9D823858-BB74-4865-968B-2E099A3FF20E}.Debug|Any CPU.Build.0 = Debug|Any CPU
		{9D823858-BB74-4865-968B-2E099A3FF20E}.Release|Any CPU.ActiveCfg = Release|Any CPU
		{9D823858-BB74-4865-968B-2E099A3FF20E}.Release|Any CPU.Build.0 = Release|Any CPU
		{EAADFD13-8BC1-4E73-9CE7-141BDCB7D152}.Debug|Any CPU.ActiveCfg = Debug|Any CPU
		{EAADFD13-8BC1-4E73-9CE7-141BDCB7D152}.Debug|Any CPU.Build.0 = Debug|Any CPU
		{EAADFD13-8BC1-4E73-9CE7-141BDCB7D152}.Release|Any CPU.ActiveCfg = Release|Any CPU
		{EAADFD13-8BC1-4E73-9CE7-141BDCB7D152}.Release|Any CPU.Build.0 = Release|Any CPU
		{9554BE39-8AE0-465D-A577-86F3AF3CBD09}.Debug|Any CPU.ActiveCfg = Debug|Any CPU
		{9554BE39-8AE0-465D-A577-86F3AF3CBD09}.Debug|Any CPU.Build.0 = Debug|Any CPU
		{9554BE39-8AE0-465D-A577-86F3AF3CBD09}.Release|Any CPU.ActiveCfg = Release|Any CPU
		{9554BE39-8AE0-465D-A577-86F3AF3CBD09}.Release|Any CPU.Build.0 = Release|Any CPU
		{C844E1FE-B614-4DFF-AD4E-E6B9FE3D3331}.Debug|Any CPU.ActiveCfg = Debug|Any CPU
		{C844E1FE-B614-4DFF-AD4E-E6B9FE3D3331}.Debug|Any CPU.Build.0 = Debug|Any CPU
		{C844E1FE-B614-4DFF-AD4E-E6B9FE3D3331}.Release|Any CPU.ActiveCfg = Release|Any CPU
		{C844E1FE-B614-4DFF-AD4E-E6B9FE3D3331}.Release|Any CPU.Build.0 = Release|Any CPU
		{06376E99-4401-4915-A3D8-5E674BC6C392}.Debug|Any CPU.ActiveCfg = Debug|Any CPU
		{06376E99-4401-4915-A3D8-5E674BC6C392}.Debug|Any CPU.Build.0 = Debug|Any CPU
		{06376E99-4401-4915-A3D8-5E674BC6C392}.Release|Any CPU.ActiveCfg = Release|Any CPU
		{06376E99-4401-4915-A3D8-5E674BC6C392}.Release|Any CPU.Build.0 = Release|Any CPU
		{3F1322AD-2673-42D0-9F10-98BEC3EE051F}.Debug|Any CPU.ActiveCfg = Debug|Any CPU
		{3F1322AD-2673-42D0-9F10-98BEC3EE051F}.Debug|Any CPU.Build.0 = Debug|Any CPU
		{3F1322AD-2673-42D0-9F10-98BEC3EE051F}.Release|Any CPU.ActiveCfg = Release|Any CPU
		{3F1322AD-2673-42D0-9F10-98BEC3EE051F}.Release|Any CPU.Build.0 = Release|Any CPU
		{F6217B86-2997-4988-8BFC-B91B8A422F76}.Debug|Any CPU.ActiveCfg = Debug|Any CPU
		{F6217B86-2997-4988-8BFC-B91B8A422F76}.Debug|Any CPU.Build.0 = Debug|Any CPU
		{F6217B86-2997-4988-8BFC-B91B8A422F76}.Release|Any CPU.ActiveCfg = Release|Any CPU
		{F6217B86-2997-4988-8BFC-B91B8A422F76}.Release|Any CPU.Build.0 = Release|Any CPU
	EndGlobalSection
	GlobalSection(SolutionProperties) = preSolution
		HideSolutionNode = FALSE
	EndGlobalSection
	GlobalSection(NestedProjects) = preSolution
		{7726D5DC-6A64-4D0C-8720-F37A166B577D} = {0F242442-4F9F-42A4-93F7-EE10BD5989F3}
		{91F7C78E-61B7-4A76-97E9-822293057CA5} = {7726D5DC-6A64-4D0C-8720-F37A166B577D}
		{6CD1F356-F049-48CE-B8AB-D7B1547E4CD1} = {0F242442-4F9F-42A4-93F7-EE10BD5989F3}
		{9D823858-BB74-4865-968B-2E099A3FF20E} = {6CD1F356-F049-48CE-B8AB-D7B1547E4CD1}
		{E4A64179-FC2F-4B92-B473-C7343D9B9DB0} = {0F242442-4F9F-42A4-93F7-EE10BD5989F3}
		{EAADFD13-8BC1-4E73-9CE7-141BDCB7D152} = {E4A64179-FC2F-4B92-B473-C7343D9B9DB0}
		{9554BE39-8AE0-465D-A577-86F3AF3CBD09} = {E4A64179-FC2F-4B92-B473-C7343D9B9DB0}
		{53EEBA3F-740A-4E2B-9C9A-AE91D0B55316} = {0F242442-4F9F-42A4-93F7-EE10BD5989F3}
		{C844E1FE-B614-4DFF-AD4E-E6B9FE3D3331} = {53EEBA3F-740A-4E2B-9C9A-AE91D0B55316}
		{06376E99-4401-4915-A3D8-5E674BC6C392} = {53EEBA3F-740A-4E2B-9C9A-AE91D0B55316}
		{3F1322AD-2673-42D0-9F10-98BEC3EE051F} = {53EEBA3F-740A-4E2B-9C9A-AE91D0B55316}
		{F6217B86-2997-4988-8BFC-B91B8A422F76} = {53EEBA3F-740A-4E2B-9C9A-AE91D0B55316}
	EndGlobalSection
	GlobalSection(ExtensibilityGlobals) = postSolution
		SolutionGuid = {A7A26757-36CA-47FC-8763-C987B83661D7}
	EndGlobalSection
EndGlobal
